// !$*UTF8*$!
{
	archiveVersion = 1;
	classes = {
	};
	objectVersion = 56;
	objects = {

/* Begin PBXBuildFile section */
		38D6E7F72881A08CDE58F9A2 /* Pods_calmoUITests.framework in Frameworks */ = {isa = PBXBuildFile; fileRef = 5110040DED19F5A4F2E15EA8 /* Pods_calmoUITests.framework */; };
		4164E1EE4359096750399A34 /* Pods_calmoUnitTests.framework in Frameworks */ = {isa = PBXBuildFile; fileRef = 1BFD8734EB257CEF607B731A /* Pods_calmoUnitTests.framework */; };
		E95BB3A72A60F0FD00CB5700 /* SignInScreen.swift in Sources */ = {isa = PBXBuildFile; fileRef = E95BB3A62A60F0FC00CB5700 /* SignInScreen.swift */; };
		E95BB3A92A60FCC900CB5700 /* CustomNavBar.swift in Sources */ = {isa = PBXBuildFile; fileRef = E95BB3A82A60FCC900CB5700 /* CustomNavBar.swift */; };
		E95BB3AB2A61BE3200CB5700 /* SoicalMediaButtons.swift in Sources */ = {isa = PBXBuildFile; fileRef = E95BB3AA2A61BE3200CB5700 /* SoicalMediaButtons.swift */; };
		E95BB3AD2A61EA1B00CB5700 /* ForgetPasswordScreen.swift in Sources */ = {isa = PBXBuildFile; fileRef = E95BB3AC2A61EA1B00CB5700 /* ForgetPasswordScreen.swift */; };
		E95BB3AF2A62F51100CB5700 /* VerifyCodeScreen.swift in Sources */ = {isa = PBXBuildFile; fileRef = E95BB3AE2A62F51100CB5700 /* VerifyCodeScreen.swift */; };
		E95BB3B12A630CDE00CB5700 /* RecoverPasswordScreen.swift in Sources */ = {isa = PBXBuildFile; fileRef = E95BB3B02A630CDE00CB5700 /* RecoverPasswordScreen.swift */; };
		E95BB3B32A6350AD00CB5700 /* SignUpScreen.swift in Sources */ = {isa = PBXBuildFile; fileRef = E95BB3B22A6350AD00CB5700 /* SignUpScreen.swift */; };
		E95BB3B52A6352CD00CB5700 /* SignUpSocailMediaScreen.swift in Sources */ = {isa = PBXBuildFile; fileRef = E95BB3B42A6352CD00CB5700 /* SignUpSocailMediaScreen.swift */; };
		E95BB3B72A636E8000CB5700 /* SignUpCategoryScreen..swift in Sources */ = {isa = PBXBuildFile; fileRef = E95BB3B62A636E8000CB5700 /* SignUpCategoryScreen..swift */; };
		E95BB3B92A63727E00CB5700 /* SignUpArtistScreen_.swift in Sources */ = {isa = PBXBuildFile; fileRef = E95BB3B82A63727E00CB5700 /* SignUpArtistScreen_.swift */; };
		E95BB3BB2A63782F00CB5700 /* AccountCreatedScreen.swift in Sources */ = {isa = PBXBuildFile; fileRef = E95BB3BA2A63782F00CB5700 /* AccountCreatedScreen.swift */; };
		E95BB3E22A63BAC800CB5700 /* OpenSans-Bold.ttf in Resources */ = {isa = PBXBuildFile; fileRef = E95BB3BE2A63BAC700CB5700 /* OpenSans-Bold.ttf */; };
		E95BB3E32A63BAC800CB5700 /* OpenSans-ExtraBold.ttf in Resources */ = {isa = PBXBuildFile; fileRef = E95BB3BF2A63BAC700CB5700 /* OpenSans-ExtraBold.ttf */; };
		E95BB3E42A63BAC800CB5700 /* OpenSans-Light.ttf in Resources */ = {isa = PBXBuildFile; fileRef = E95BB3C02A63BAC700CB5700 /* OpenSans-Light.ttf */; };
		E95BB3E72A63BAC800CB5700 /* OpenSans-Medium.ttf in Resources */ = {isa = PBXBuildFile; fileRef = E95BB3C32A63BAC700CB5700 /* OpenSans-Medium.ttf */; };
		E95BB3E82A63BAC800CB5700 /* OpenSans-Italic.ttf in Resources */ = {isa = PBXBuildFile; fileRef = E95BB3C42A63BAC700CB5700 /* OpenSans-Italic.ttf */; };
		E95BB3EC2A63BAC800CB5700 /* OpenSans-SemiBold.ttf in Resources */ = {isa = PBXBuildFile; fileRef = E95BB3C82A63BAC700CB5700 /* OpenSans-SemiBold.ttf */; };
		E95BB3F22A63BAC800CB5700 /* OpenSans-BoldItalic.ttf in Resources */ = {isa = PBXBuildFile; fileRef = E95BB3CE2A63BAC800CB5700 /* OpenSans-BoldItalic.ttf */; };
		E95BB3FA2A63BAC800CB5700 /* OpenSans-Regular.ttf in Resources */ = {isa = PBXBuildFile; fileRef = E95BB3D62A63BAC800CB5700 /* OpenSans-Regular.ttf */; };
		E95BB3FB2A63BAC800CB5700 /* OpenSans-ExtraBoldItalic.ttf in Resources */ = {isa = PBXBuildFile; fileRef = E95BB3D72A63BAC800CB5700 /* OpenSans-ExtraBoldItalic.ttf */; };
		E95BB4002A63BAC800CB5700 /* OpenSans-LightItalic.ttf in Resources */ = {isa = PBXBuildFile; fileRef = E95BB3DC2A63BAC800CB5700 /* OpenSans-LightItalic.ttf */; };
		E95BB4032A63BAC800CB5700 /* OpenSans-MediumItalic.ttf in Resources */ = {isa = PBXBuildFile; fileRef = E95BB3DF2A63BAC800CB5700 /* OpenSans-MediumItalic.ttf */; };
		E95BB4042A63BAC800CB5700 /* OpenSans-SemiBoldItalic.ttf in Resources */ = {isa = PBXBuildFile; fileRef = E95BB3E02A63BAC800CB5700 /* OpenSans-SemiBoldItalic.ttf */; };
		E95BB40A2A64450900CB5700 /* SkipButton.swift in Sources */ = {isa = PBXBuildFile; fileRef = E95BB4092A64450900CB5700 /* SkipButton.swift */; };
		E95BB40C2A64483800CB5700 /* CustomButton.swift in Sources */ = {isa = PBXBuildFile; fileRef = E95BB40B2A64483800CB5700 /* CustomButton.swift */; };
		E95BB40E2A644B4700CB5700 /* TextButton.swift in Sources */ = {isa = PBXBuildFile; fileRef = E95BB40D2A644B4700CB5700 /* TextButton.swift */; };
		E95BB4102A644BE700CB5700 /* FullHStack.swift in Sources */ = {isa = PBXBuildFile; fileRef = E95BB40F2A644BE700CB5700 /* FullHStack.swift */; };
		E95BB4122A644D1800CB5700 /* String.swift in Sources */ = {isa = PBXBuildFile; fileRef = E95BB4112A644D1800CB5700 /* String.swift */; };
		E95BB4142A644F2900CB5700 /* OnboardingHeader.swift in Sources */ = {isa = PBXBuildFile; fileRef = E95BB4132A644F2900CB5700 /* OnboardingHeader.swift */; };
		E95BB4162A64504B00CB5700 /* CustomTextFiled.swift in Sources */ = {isa = PBXBuildFile; fileRef = E95BB4152A64504B00CB5700 /* CustomTextFiled.swift */; };
		E95BB4192A64521000CB5700 /* AppRegx.swift in Sources */ = {isa = PBXBuildFile; fileRef = E95BB4182A64521000CB5700 /* AppRegx.swift */; };
		E95BB41B2A645BAC00CB5700 /* CustomToggle.swift in Sources */ = {isa = PBXBuildFile; fileRef = E95BB41A2A645BAC00CB5700 /* CustomToggle.swift */; };
		E95BB41D2A645E0100CB5700 /* CustomForm.swift in Sources */ = {isa = PBXBuildFile; fileRef = E95BB41C2A645E0100CB5700 /* CustomForm.swift */; };
		E95BB41F2A649C5400CB5700 /* SignUpOnboardinHeader.swift in Sources */ = {isa = PBXBuildFile; fileRef = E95BB41E2A649C5400CB5700 /* SignUpOnboardinHeader.swift */; };
		E95BB4222A657A0500CB5700 /* MainHomeScreen.swift in Sources */ = {isa = PBXBuildFile; fileRef = E95BB4212A657A0500CB5700 /* MainHomeScreen.swift */; };
		E95BB4812A73317400CB5700 /* View.swift in Sources */ = {isa = PBXBuildFile; fileRef = E95BB4802A73317400CB5700 /* View.swift */; };
		E95BB4832A73319800CB5700 /* NavigationManager.swift in Sources */ = {isa = PBXBuildFile; fileRef = E95BB4822A73319800CB5700 /* NavigationManager.swift */; };
		E97C5A6B2A5F5A9C0016D646 /* calmoApp.swift in Sources */ = {isa = PBXBuildFile; fileRef = E97C5A6A2A5F5A9C0016D646 /* calmoApp.swift */; };
		E97C5A6D2A5F5A9C0016D646 /* ContentView.swift in Sources */ = {isa = PBXBuildFile; fileRef = E97C5A6C2A5F5A9C0016D646 /* ContentView.swift */; };
		E97C5A6F2A5F5A9E0016D646 /* Assets.xcassets in Resources */ = {isa = PBXBuildFile; fileRef = E97C5A6E2A5F5A9E0016D646 /* Assets.xcassets */; };
		E97C5A722A5F5A9E0016D646 /* Preview Assets.xcassets in Resources */ = {isa = PBXBuildFile; fileRef = E97C5A712A5F5A9E0016D646 /* Preview Assets.xcassets */; };
		E97C5A7E2A60387B0016D646 /* SplashScreen.swift in Sources */ = {isa = PBXBuildFile; fileRef = E97C5A7D2A60387B0016D646 /* SplashScreen.swift */; };
		E97C5A812A603E090016D646 /* AppBody.swift in Sources */ = {isa = PBXBuildFile; fileRef = E97C5A802A603E090016D646 /* AppBody.swift */; };
		E97C5A842A603EF70016D646 /* AppTheme.swift in Sources */ = {isa = PBXBuildFile; fileRef = E97C5A832A603EF70016D646 /* AppTheme.swift */; };
		E97C5A872A606F9B0016D646 /* Color.swift in Sources */ = {isa = PBXBuildFile; fileRef = E97C5A862A606F9B0016D646 /* Color.swift */; };
		E97C5A892A6080350016D646 /* UIPilot.swift in Sources */ = {isa = PBXBuildFile; fileRef = E97C5A882A6080350016D646 /* UIPilot.swift */; };
		E97C5A8B2A6080670016D646 /* OnboardingScreen.swift in Sources */ = {isa = PBXBuildFile; fileRef = E97C5A8A2A6080670016D646 /* OnboardingScreen.swift */; };
		E9DBB7242A9211BF00E3A4CD /* calmoUnitTests.swift in Sources */ = {isa = PBXBuildFile; fileRef = E9DBB7232A9211BF00E3A4CD /* calmoUnitTests.swift */; };
		E9DBB7312A92122D00E3A4CD /* calmoUITests.swift in Sources */ = {isa = PBXBuildFile; fileRef = E9DBB7302A92122D00E3A4CD /* calmoUITests.swift */; };
		E9DBB7332A92122D00E3A4CD /* calmoUITestsLaunchTests.swift in Sources */ = {isa = PBXBuildFile; fileRef = E9DBB7322A92122D00E3A4CD /* calmoUITestsLaunchTests.swift */; };
		EF9A1897EB5A8785969B53AD /* Pods_calmo.framework in Frameworks */ = {isa = PBXBuildFile; fileRef = F7D8B2013C0CC59B8BF0D7B2 /* Pods_calmo.framework */; };
/* End PBXBuildFile section */

/* Begin PBXContainerItemProxy section */
		E9DBB7252A9211BF00E3A4CD /* PBXContainerItemProxy */ = {
			isa = PBXContainerItemProxy;
			containerPortal = E97C5A5F2A5F5A9C0016D646 /* Project object */;
			proxyType = 1;
			remoteGlobalIDString = E97C5A662A5F5A9C0016D646;
			remoteInfo = calmo;
		};
		E9DBB7342A92122D00E3A4CD /* PBXContainerItemProxy */ = {
			isa = PBXContainerItemProxy;
			containerPortal = E97C5A5F2A5F5A9C0016D646 /* Project object */;
			proxyType = 1;
			remoteGlobalIDString = E97C5A662A5F5A9C0016D646;
			remoteInfo = calmo;
		};
/* End PBXContainerItemProxy section */

/* Begin PBXFileReference section */
		15FA9798EBA81FBB170E9E4A /* Pods-calmoUnitTests.release.xcconfig */ = {isa = PBXFileReference; includeInIndex = 1; lastKnownFileType = text.xcconfig; name = "Pods-calmoUnitTests.release.xcconfig"; path = "Target Support Files/Pods-calmoUnitTests/Pods-calmoUnitTests.release.xcconfig"; sourceTree = "<group>"; };
		1BFD8734EB257CEF607B731A /* Pods_calmoUnitTests.framework */ = {isa = PBXFileReference; explicitFileType = wrapper.framework; includeInIndex = 0; path = Pods_calmoUnitTests.framework; sourceTree = BUILT_PRODUCTS_DIR; };
		2750BB6F0423B61D9C54AFD0 /* Pods-calmoUITests.release.xcconfig */ = {isa = PBXFileReference; includeInIndex = 1; lastKnownFileType = text.xcconfig; name = "Pods-calmoUITests.release.xcconfig"; path = "Target Support Files/Pods-calmoUITests/Pods-calmoUITests.release.xcconfig"; sourceTree = "<group>"; };
		382648240FCC4648FF4D9F97 /* Pods-calmoUnitTests.debug.xcconfig */ = {isa = PBXFileReference; includeInIndex = 1; lastKnownFileType = text.xcconfig; name = "Pods-calmoUnitTests.debug.xcconfig"; path = "Target Support Files/Pods-calmoUnitTests/Pods-calmoUnitTests.debug.xcconfig"; sourceTree = "<group>"; };
		5110040DED19F5A4F2E15EA8 /* Pods_calmoUITests.framework */ = {isa = PBXFileReference; explicitFileType = wrapper.framework; includeInIndex = 0; path = Pods_calmoUITests.framework; sourceTree = BUILT_PRODUCTS_DIR; };
		55D269E4DA8E5C3792416AC6 /* Pods-calmo.debug.xcconfig */ = {isa = PBXFileReference; includeInIndex = 1; lastKnownFileType = text.xcconfig; name = "Pods-calmo.debug.xcconfig"; path = "Target Support Files/Pods-calmo/Pods-calmo.debug.xcconfig"; sourceTree = "<group>"; };
		9D1AB5A4B96E80C6B28E97EB /* Pods-calmo.release.xcconfig */ = {isa = PBXFileReference; includeInIndex = 1; lastKnownFileType = text.xcconfig; name = "Pods-calmo.release.xcconfig"; path = "Target Support Files/Pods-calmo/Pods-calmo.release.xcconfig"; sourceTree = "<group>"; };
		E95BB3A62A60F0FC00CB5700 /* SignInScreen.swift */ = {isa = PBXFileReference; lastKnownFileType = sourcecode.swift; path = SignInScreen.swift; sourceTree = "<group>"; };
		E95BB3A82A60FCC900CB5700 /* CustomNavBar.swift */ = {isa = PBXFileReference; lastKnownFileType = sourcecode.swift; path = CustomNavBar.swift; sourceTree = "<group>"; };
		E95BB3AA2A61BE3200CB5700 /* SoicalMediaButtons.swift */ = {isa = PBXFileReference; lastKnownFileType = sourcecode.swift; path = SoicalMediaButtons.swift; sourceTree = "<group>"; };
		E95BB3AC2A61EA1B00CB5700 /* ForgetPasswordScreen.swift */ = {isa = PBXFileReference; lastKnownFileType = sourcecode.swift; path = ForgetPasswordScreen.swift; sourceTree = "<group>"; };
		E95BB3AE2A62F51100CB5700 /* VerifyCodeScreen.swift */ = {isa = PBXFileReference; lastKnownFileType = sourcecode.swift; path = VerifyCodeScreen.swift; sourceTree = "<group>"; };
		E95BB3B02A630CDE00CB5700 /* RecoverPasswordScreen.swift */ = {isa = PBXFileReference; lastKnownFileType = sourcecode.swift; path = RecoverPasswordScreen.swift; sourceTree = "<group>"; };
		E95BB3B22A6350AD00CB5700 /* SignUpScreen.swift */ = {isa = PBXFileReference; lastKnownFileType = sourcecode.swift; path = SignUpScreen.swift; sourceTree = "<group>"; };
		E95BB3B42A6352CD00CB5700 /* SignUpSocailMediaScreen.swift */ = {isa = PBXFileReference; lastKnownFileType = sourcecode.swift; path = SignUpSocailMediaScreen.swift; sourceTree = "<group>"; };
		E95BB3B62A636E8000CB5700 /* SignUpCategoryScreen..swift */ = {isa = PBXFileReference; lastKnownFileType = sourcecode.swift; path = SignUpCategoryScreen..swift; sourceTree = "<group>"; };
		E95BB3B82A63727E00CB5700 /* SignUpArtistScreen_.swift */ = {isa = PBXFileReference; lastKnownFileType = sourcecode.swift; path = SignUpArtistScreen_.swift; sourceTree = "<group>"; };
		E95BB3BA2A63782F00CB5700 /* AccountCreatedScreen.swift */ = {isa = PBXFileReference; lastKnownFileType = sourcecode.swift; path = AccountCreatedScreen.swift; sourceTree = "<group>"; };
		E95BB3BE2A63BAC700CB5700 /* OpenSans-Bold.ttf */ = {isa = PBXFileReference; lastKnownFileType = file; path = "OpenSans-Bold.ttf"; sourceTree = "<group>"; };
		E95BB3BF2A63BAC700CB5700 /* OpenSans-ExtraBold.ttf */ = {isa = PBXFileReference; lastKnownFileType = file; path = "OpenSans-ExtraBold.ttf"; sourceTree = "<group>"; };
		E95BB3C02A63BAC700CB5700 /* OpenSans-Light.ttf */ = {isa = PBXFileReference; lastKnownFileType = file; path = "OpenSans-Light.ttf"; sourceTree = "<group>"; };
		E95BB3C32A63BAC700CB5700 /* OpenSans-Medium.ttf */ = {isa = PBXFileReference; lastKnownFileType = file; path = "OpenSans-Medium.ttf"; sourceTree = "<group>"; };
		E95BB3C42A63BAC700CB5700 /* OpenSans-Italic.ttf */ = {isa = PBXFileReference; lastKnownFileType = file; path = "OpenSans-Italic.ttf"; sourceTree = "<group>"; };
		E95BB3C82A63BAC700CB5700 /* OpenSans-SemiBold.ttf */ = {isa = PBXFileReference; lastKnownFileType = file; path = "OpenSans-SemiBold.ttf"; sourceTree = "<group>"; };
		E95BB3CE2A63BAC800CB5700 /* OpenSans-BoldItalic.ttf */ = {isa = PBXFileReference; lastKnownFileType = file; path = "OpenSans-BoldItalic.ttf"; sourceTree = "<group>"; };
		E95BB3D62A63BAC800CB5700 /* OpenSans-Regular.ttf */ = {isa = PBXFileReference; lastKnownFileType = file; path = "OpenSans-Regular.ttf"; sourceTree = "<group>"; };
		E95BB3D72A63BAC800CB5700 /* OpenSans-ExtraBoldItalic.ttf */ = {isa = PBXFileReference; lastKnownFileType = file; path = "OpenSans-ExtraBoldItalic.ttf"; sourceTree = "<group>"; };
		E95BB3DC2A63BAC800CB5700 /* OpenSans-LightItalic.ttf */ = {isa = PBXFileReference; lastKnownFileType = file; path = "OpenSans-LightItalic.ttf"; sourceTree = "<group>"; };
		E95BB3DF2A63BAC800CB5700 /* OpenSans-MediumItalic.ttf */ = {isa = PBXFileReference; lastKnownFileType = file; path = "OpenSans-MediumItalic.ttf"; sourceTree = "<group>"; };
		E95BB3E02A63BAC800CB5700 /* OpenSans-SemiBoldItalic.ttf */ = {isa = PBXFileReference; lastKnownFileType = file; path = "OpenSans-SemiBoldItalic.ttf"; sourceTree = "<group>"; };
		E95BB4052A63BC1800CB5700 /* Info.plist */ = {isa = PBXFileReference; lastKnownFileType = text.plist; path = Info.plist; sourceTree = "<group>"; };
		E95BB4092A64450900CB5700 /* SkipButton.swift */ = {isa = PBXFileReference; lastKnownFileType = sourcecode.swift; path = SkipButton.swift; sourceTree = "<group>"; };
		E95BB40B2A64483800CB5700 /* CustomButton.swift */ = {isa = PBXFileReference; lastKnownFileType = sourcecode.swift; path = CustomButton.swift; sourceTree = "<group>"; };
		E95BB40D2A644B4700CB5700 /* TextButton.swift */ = {isa = PBXFileReference; lastKnownFileType = sourcecode.swift; path = TextButton.swift; sourceTree = "<group>"; };
		E95BB40F2A644BE700CB5700 /* FullHStack.swift */ = {isa = PBXFileReference; lastKnownFileType = sourcecode.swift; path = FullHStack.swift; sourceTree = "<group>"; };
		E95BB4112A644D1800CB5700 /* String.swift */ = {isa = PBXFileReference; lastKnownFileType = sourcecode.swift; path = String.swift; sourceTree = "<group>"; };
		E95BB4132A644F2900CB5700 /* OnboardingHeader.swift */ = {isa = PBXFileReference; lastKnownFileType = sourcecode.swift; path = OnboardingHeader.swift; sourceTree = "<group>"; };
		E95BB4152A64504B00CB5700 /* CustomTextFiled.swift */ = {isa = PBXFileReference; lastKnownFileType = sourcecode.swift; path = CustomTextFiled.swift; sourceTree = "<group>"; };
		E95BB4182A64521000CB5700 /* AppRegx.swift */ = {isa = PBXFileReference; lastKnownFileType = sourcecode.swift; path = AppRegx.swift; sourceTree = "<group>"; };
		E95BB41A2A645BAC00CB5700 /* CustomToggle.swift */ = {isa = PBXFileReference; lastKnownFileType = sourcecode.swift; path = CustomToggle.swift; sourceTree = "<group>"; };
		E95BB41C2A645E0100CB5700 /* CustomForm.swift */ = {isa = PBXFileReference; lastKnownFileType = sourcecode.swift; path = CustomForm.swift; sourceTree = "<group>"; };
		E95BB41E2A649C5400CB5700 /* SignUpOnboardinHeader.swift */ = {isa = PBXFileReference; lastKnownFileType = sourcecode.swift; path = SignUpOnboardinHeader.swift; sourceTree = "<group>"; };
		E95BB4212A657A0500CB5700 /* MainHomeScreen.swift */ = {isa = PBXFileReference; lastKnownFileType = sourcecode.swift; path = MainHomeScreen.swift; sourceTree = "<group>"; };
		E95BB4802A73317400CB5700 /* View.swift */ = {isa = PBXFileReference; lastKnownFileType = sourcecode.swift; path = View.swift; sourceTree = "<group>"; };
		E95BB4822A73319800CB5700 /* NavigationManager.swift */ = {isa = PBXFileReference; lastKnownFileType = sourcecode.swift; path = NavigationManager.swift; sourceTree = "<group>"; };
		E97C5A672A5F5A9C0016D646 /* calmo.app */ = {isa = PBXFileReference; explicitFileType = wrapper.application; includeInIndex = 0; path = calmo.app; sourceTree = BUILT_PRODUCTS_DIR; };
		E97C5A6A2A5F5A9C0016D646 /* calmoApp.swift */ = {isa = PBXFileReference; lastKnownFileType = sourcecode.swift; path = calmoApp.swift; sourceTree = "<group>"; };
		E97C5A6C2A5F5A9C0016D646 /* ContentView.swift */ = {isa = PBXFileReference; lastKnownFileType = sourcecode.swift; path = ContentView.swift; sourceTree = "<group>"; };
		E97C5A6E2A5F5A9E0016D646 /* Assets.xcassets */ = {isa = PBXFileReference; lastKnownFileType = folder.assetcatalog; path = Assets.xcassets; sourceTree = "<group>"; };
		E97C5A712A5F5A9E0016D646 /* Preview Assets.xcassets */ = {isa = PBXFileReference; lastKnownFileType = folder.assetcatalog; path = "Preview Assets.xcassets"; sourceTree = "<group>"; };
		E97C5A7D2A60387B0016D646 /* SplashScreen.swift */ = {isa = PBXFileReference; lastKnownFileType = sourcecode.swift; path = SplashScreen.swift; sourceTree = "<group>"; };
		E97C5A802A603E090016D646 /* AppBody.swift */ = {isa = PBXFileReference; lastKnownFileType = sourcecode.swift; path = AppBody.swift; sourceTree = "<group>"; };
		E97C5A832A603EF70016D646 /* AppTheme.swift */ = {isa = PBXFileReference; lastKnownFileType = sourcecode.swift; path = AppTheme.swift; sourceTree = "<group>"; };
		E97C5A862A606F9B0016D646 /* Color.swift */ = {isa = PBXFileReference; lastKnownFileType = sourcecode.swift; path = Color.swift; sourceTree = "<group>"; };
		E97C5A882A6080350016D646 /* UIPilot.swift */ = {isa = PBXFileReference; lastKnownFileType = sourcecode.swift; path = UIPilot.swift; sourceTree = "<group>"; };
		E97C5A8A2A6080670016D646 /* OnboardingScreen.swift */ = {isa = PBXFileReference; lastKnownFileType = sourcecode.swift; path = OnboardingScreen.swift; sourceTree = "<group>"; };
		E9DBB7212A9211BF00E3A4CD /* calmoUnitTests.xctest */ = {isa = PBXFileReference; explicitFileType = wrapper.cfbundle; includeInIndex = 0; path = calmoUnitTests.xctest; sourceTree = BUILT_PRODUCTS_DIR; };
		E9DBB7232A9211BF00E3A4CD /* calmoUnitTests.swift */ = {isa = PBXFileReference; lastKnownFileType = sourcecode.swift; path = calmoUnitTests.swift; sourceTree = "<group>"; };
		E9DBB72E2A92122D00E3A4CD /* calmoUITests.xctest */ = {isa = PBXFileReference; explicitFileType = wrapper.cfbundle; includeInIndex = 0; path = calmoUITests.xctest; sourceTree = BUILT_PRODUCTS_DIR; };
		E9DBB7302A92122D00E3A4CD /* calmoUITests.swift */ = {isa = PBXFileReference; lastKnownFileType = sourcecode.swift; path = calmoUITests.swift; sourceTree = "<group>"; };
		E9DBB7322A92122D00E3A4CD /* calmoUITestsLaunchTests.swift */ = {isa = PBXFileReference; lastKnownFileType = sourcecode.swift; path = calmoUITestsLaunchTests.swift; sourceTree = "<group>"; };
		F0F272E4A49D4BAF435F90D8 /* Pods-calmoUITests.debug.xcconfig */ = {isa = PBXFileReference; includeInIndex = 1; lastKnownFileType = text.xcconfig; name = "Pods-calmoUITests.debug.xcconfig"; path = "Target Support Files/Pods-calmoUITests/Pods-calmoUITests.debug.xcconfig"; sourceTree = "<group>"; };
		F7D8B2013C0CC59B8BF0D7B2 /* Pods_calmo.framework */ = {isa = PBXFileReference; explicitFileType = wrapper.framework; includeInIndex = 0; path = Pods_calmo.framework; sourceTree = BUILT_PRODUCTS_DIR; };
/* End PBXFileReference section */

/* Begin PBXFrameworksBuildPhase section */
		E97C5A642A5F5A9C0016D646 /* Frameworks */ = {
			isa = PBXFrameworksBuildPhase;
			buildActionMask = 2147483647;
			files = (
				EF9A1897EB5A8785969B53AD /* Pods_calmo.framework in Frameworks */,
			);
			runOnlyForDeploymentPostprocessing = 0;
		};
		E9DBB71E2A9211BF00E3A4CD /* Frameworks */ = {
			isa = PBXFrameworksBuildPhase;
			buildActionMask = 2147483647;
			files = (
				4164E1EE4359096750399A34 /* Pods_calmoUnitTests.framework in Frameworks */,
			);
			runOnlyForDeploymentPostprocessing = 0;
		};
		E9DBB72B2A92122D00E3A4CD /* Frameworks */ = {
			isa = PBXFrameworksBuildPhase;
			buildActionMask = 2147483647;
			files = (
				38D6E7F72881A08CDE58F9A2 /* Pods_calmoUITests.framework in Frameworks */,
			);
			runOnlyForDeploymentPostprocessing = 0;
		};
/* End PBXFrameworksBuildPhase section */

/* Begin PBXGroup section */
		BDCAC4902D09E2784ED080E1 /* Pods */ = {
			isa = PBXGroup;
			children = (
				55D269E4DA8E5C3792416AC6 /* Pods-calmo.debug.xcconfig */,
				9D1AB5A4B96E80C6B28E97EB /* Pods-calmo.release.xcconfig */,
				F0F272E4A49D4BAF435F90D8 /* Pods-calmoUITests.debug.xcconfig */,
				2750BB6F0423B61D9C54AFD0 /* Pods-calmoUITests.release.xcconfig */,
				382648240FCC4648FF4D9F97 /* Pods-calmoUnitTests.debug.xcconfig */,
				15FA9798EBA81FBB170E9E4A /* Pods-calmoUnitTests.release.xcconfig */,
			);
			path = Pods;
			sourceTree = "<group>";
		};
		DB9E3DB3BA6E9859AF64EA86 /* Frameworks */ = {
			isa = PBXGroup;
			children = (
				F7D8B2013C0CC59B8BF0D7B2 /* Pods_calmo.framework */,
				5110040DED19F5A4F2E15EA8 /* Pods_calmoUITests.framework */,
				1BFD8734EB257CEF607B731A /* Pods_calmoUnitTests.framework */,
			);
			name = Frameworks;
			sourceTree = "<group>";
		};
		E95BB3BC2A63BA2B00CB5700 /* fonts */ = {
			isa = PBXGroup;
			children = (
				E95BB3BE2A63BAC700CB5700 /* OpenSans-Bold.ttf */,
				E95BB3CE2A63BAC800CB5700 /* OpenSans-BoldItalic.ttf */,
				E95BB3BF2A63BAC700CB5700 /* OpenSans-ExtraBold.ttf */,
				E95BB3D72A63BAC800CB5700 /* OpenSans-ExtraBoldItalic.ttf */,
				E95BB3C42A63BAC700CB5700 /* OpenSans-Italic.ttf */,
				E95BB3C02A63BAC700CB5700 /* OpenSans-Light.ttf */,
				E95BB3DC2A63BAC800CB5700 /* OpenSans-LightItalic.ttf */,
				E95BB3C32A63BAC700CB5700 /* OpenSans-Medium.ttf */,
				E95BB3DF2A63BAC800CB5700 /* OpenSans-MediumItalic.ttf */,
				E95BB3D62A63BAC800CB5700 /* OpenSans-Regular.ttf */,
				E95BB3C82A63BAC700CB5700 /* OpenSans-SemiBold.ttf */,
				E95BB3E02A63BAC800CB5700 /* OpenSans-SemiBoldItalic.ttf */,
			);
			path = fonts;
			sourceTree = "<group>";
		};
		E95BB4082A6444E400CB5700 /* Buttons */ = {
			isa = PBXGroup;
			children = (
				E95BB4092A64450900CB5700 /* SkipButton.swift */,
				E95BB40B2A64483800CB5700 /* CustomButton.swift */,
				E95BB40D2A644B4700CB5700 /* TextButton.swift */,
			);
			path = Buttons;
			sourceTree = "<group>";
		};
		E95BB4172A64520400CB5700 /* utils */ = {
			isa = PBXGroup;
			children = (
				E95BB4182A64521000CB5700 /* AppRegx.swift */,
				E95BB4822A73319800CB5700 /* NavigationManager.swift */,
			);
			path = utils;
			sourceTree = "<group>";
		};
		E95BB4202A6579ED00CB5700 /* home */ = {
			isa = PBXGroup;
			children = (
				E95BB4212A657A0500CB5700 /* MainHomeScreen.swift */,
			);
			path = home;
			sourceTree = "<group>";
		};
		E97C5A5E2A5F5A9C0016D646 = {
			isa = PBXGroup;
			children = (
				E97C5A692A5F5A9C0016D646 /* calmo */,
				E9DBB7222A9211BF00E3A4CD /* calmoUnitTests */,
				E9DBB72F2A92122D00E3A4CD /* calmoUITests */,
				E97C5A682A5F5A9C0016D646 /* Products */,
				BDCAC4902D09E2784ED080E1 /* Pods */,
				DB9E3DB3BA6E9859AF64EA86 /* Frameworks */,
			);
			sourceTree = "<group>";
		};
		E97C5A682A5F5A9C0016D646 /* Products */ = {
			isa = PBXGroup;
			children = (
				E97C5A672A5F5A9C0016D646 /* calmo.app */,
				E9DBB7212A9211BF00E3A4CD /* calmoUnitTests.xctest */,
				E9DBB72E2A92122D00E3A4CD /* calmoUITests.xctest */,
			);
			name = Products;
			sourceTree = "<group>";
		};
		E97C5A692A5F5A9C0016D646 /* calmo */ = {
			isa = PBXGroup;
			children = (
				E95BB4172A64520400CB5700 /* utils */,
				E95BB4052A63BC1800CB5700 /* Info.plist */,
				E95BB3BC2A63BA2B00CB5700 /* fonts */,
				E97C5A852A606F820016D646 /* extensions */,
				E97C5A7B2A60385A0016D646 /* screens */,
				E97C5A6A2A5F5A9C0016D646 /* calmoApp.swift */,
				E97C5A6C2A5F5A9C0016D646 /* ContentView.swift */,
				E97C5A6E2A5F5A9E0016D646 /* Assets.xcassets */,
				E97C5A702A5F5A9E0016D646 /* Preview Content */,
			);
			path = calmo;
			sourceTree = "<group>";
		};
		E97C5A702A5F5A9E0016D646 /* Preview Content */ = {
			isa = PBXGroup;
			children = (
				E97C5A712A5F5A9E0016D646 /* Preview Assets.xcassets */,
			);
			path = "Preview Content";
			sourceTree = "<group>";
		};
		E97C5A7B2A60385A0016D646 /* screens */ = {
			isa = PBXGroup;
			children = (
				E95BB4202A6579ED00CB5700 /* home */,
				E97C5A822A603EE90016D646 /* Themeing */,
				E97C5A7F2A603DF80016D646 /* Components */,
				E97C5A7C2A6038650016D646 /* onboarding */,
			);
			path = screens;
			sourceTree = "<group>";
		};
		E97C5A7C2A6038650016D646 /* onboarding */ = {
			isa = PBXGroup;
			children = (
				E97C5A7D2A60387B0016D646 /* SplashScreen.swift */,
				E97C5A8A2A6080670016D646 /* OnboardingScreen.swift */,
				E95BB3A62A60F0FC00CB5700 /* SignInScreen.swift */,
				E95BB3AC2A61EA1B00CB5700 /* ForgetPasswordScreen.swift */,
				E95BB3AE2A62F51100CB5700 /* VerifyCodeScreen.swift */,
				E95BB3B02A630CDE00CB5700 /* RecoverPasswordScreen.swift */,
				E95BB3B22A6350AD00CB5700 /* SignUpScreen.swift */,
				E95BB3B42A6352CD00CB5700 /* SignUpSocailMediaScreen.swift */,
				E95BB3B62A636E8000CB5700 /* SignUpCategoryScreen..swift */,
				E95BB3B82A63727E00CB5700 /* SignUpArtistScreen_.swift */,
				E95BB3BA2A63782F00CB5700 /* AccountCreatedScreen.swift */,
			);
			path = onboarding;
			sourceTree = "<group>";
		};
		E97C5A7F2A603DF80016D646 /* Components */ = {
			isa = PBXGroup;
			children = (
				E95BB4082A6444E400CB5700 /* Buttons */,
				E97C5A802A603E090016D646 /* AppBody.swift */,
				E95BB3A82A60FCC900CB5700 /* CustomNavBar.swift */,
				E95BB3AA2A61BE3200CB5700 /* SoicalMediaButtons.swift */,
				E95BB40F2A644BE700CB5700 /* FullHStack.swift */,
				E95BB4132A644F2900CB5700 /* OnboardingHeader.swift */,
				E95BB4152A64504B00CB5700 /* CustomTextFiled.swift */,
				E95BB41A2A645BAC00CB5700 /* CustomToggle.swift */,
				E95BB41C2A645E0100CB5700 /* CustomForm.swift */,
				E95BB41E2A649C5400CB5700 /* SignUpOnboardinHeader.swift */,
			);
			path = Components;
			sourceTree = "<group>";
		};
		E97C5A822A603EE90016D646 /* Themeing */ = {
			isa = PBXGroup;
			children = (
				E97C5A832A603EF70016D646 /* AppTheme.swift */,
			);
			path = Themeing;
			sourceTree = "<group>";
		};
		E97C5A852A606F820016D646 /* extensions */ = {
			isa = PBXGroup;
			children = (
				E97C5A862A606F9B0016D646 /* Color.swift */,
				E97C5A882A6080350016D646 /* UIPilot.swift */,
				E95BB4112A644D1800CB5700 /* String.swift */,
				E95BB4802A73317400CB5700 /* View.swift */,
			);
			path = extensions;
			sourceTree = "<group>";
		};
		E9DBB7222A9211BF00E3A4CD /* calmoUnitTests */ = {
			isa = PBXGroup;
			children = (
				E9DBB7232A9211BF00E3A4CD /* calmoUnitTests.swift */,
			);
			path = calmoUnitTests;
			sourceTree = "<group>";
		};
		E9DBB72F2A92122D00E3A4CD /* calmoUITests */ = {
			isa = PBXGroup;
			children = (
				E9DBB7302A92122D00E3A4CD /* calmoUITests.swift */,
				E9DBB7322A92122D00E3A4CD /* calmoUITestsLaunchTests.swift */,
			);
			path = calmoUITests;
			sourceTree = "<group>";
		};
/* End PBXGroup section */

/* Begin PBXNativeTarget section */
		E97C5A662A5F5A9C0016D646 /* calmo */ = {
			isa = PBXNativeTarget;
			buildConfigurationList = E97C5A752A5F5A9E0016D646 /* Build configuration list for PBXNativeTarget "calmo" */;
			buildPhases = (
				C4BF82F0B22B80164A9A91F7 /* [CP] Check Pods Manifest.lock */,
				E97C5A632A5F5A9C0016D646 /* Sources */,
				E97C5A642A5F5A9C0016D646 /* Frameworks */,
				E97C5A652A5F5A9C0016D646 /* Resources */,
				09A6AC93C6B28C7CDE1A4E27 /* [CP] Embed Pods Frameworks */,
			);
			buildRules = (
			);
			dependencies = (
			);
			name = calmo;
			productName = calmo;
			productReference = E97C5A672A5F5A9C0016D646 /* calmo.app */;
			productType = "com.apple.product-type.application";
		};
		E9DBB7202A9211BF00E3A4CD /* calmoUnitTests */ = {
			isa = PBXNativeTarget;
			buildConfigurationList = E9DBB7272A9211BF00E3A4CD /* Build configuration list for PBXNativeTarget "calmoUnitTests" */;
			buildPhases = (
				64ACE33EA1929732CBD24A1D /* [CP] Check Pods Manifest.lock */,
				E9DBB71D2A9211BF00E3A4CD /* Sources */,
				E9DBB71E2A9211BF00E3A4CD /* Frameworks */,
				E9DBB71F2A9211BF00E3A4CD /* Resources */,
			);
			buildRules = (
			);
			dependencies = (
				E9DBB7262A9211BF00E3A4CD /* PBXTargetDependency */,
			);
			name = calmoUnitTests;
			productName = calmoUnitTests;
			productReference = E9DBB7212A9211BF00E3A4CD /* calmoUnitTests.xctest */;
			productType = "com.apple.product-type.bundle.unit-test";
		};
		E9DBB72D2A92122D00E3A4CD /* calmoUITests */ = {
			isa = PBXNativeTarget;
			buildConfigurationList = E9DBB7362A92122D00E3A4CD /* Build configuration list for PBXNativeTarget "calmoUITests" */;
			buildPhases = (
				180CF68A45B4D846D4B6EC54 /* [CP] Check Pods Manifest.lock */,
				E9DBB72A2A92122D00E3A4CD /* Sources */,
				E9DBB72B2A92122D00E3A4CD /* Frameworks */,
				E9DBB72C2A92122D00E3A4CD /* Resources */,
			);
			buildRules = (
			);
			dependencies = (
				E9DBB7352A92122D00E3A4CD /* PBXTargetDependency */,
			);
			name = calmoUITests;
			productName = calmoUITests;
			productReference = E9DBB72E2A92122D00E3A4CD /* calmoUITests.xctest */;
			productType = "com.apple.product-type.bundle.ui-testing";
		};
/* End PBXNativeTarget section */

/* Begin PBXProject section */
		E97C5A5F2A5F5A9C0016D646 /* Project object */ = {
			isa = PBXProject;
			attributes = {
				BuildIndependentTargetsInParallel = 1;
				LastSwiftUpdateCheck = 1430;
				LastUpgradeCheck = 1430;
				TargetAttributes = {
					E97C5A662A5F5A9C0016D646 = {
						CreatedOnToolsVersion = 14.3.1;
					};
					E9DBB7202A9211BF00E3A4CD = {
						CreatedOnToolsVersion = 14.3.1;
						TestTargetID = E97C5A662A5F5A9C0016D646;
					};
					E9DBB72D2A92122D00E3A4CD = {
						CreatedOnToolsVersion = 14.3.1;
						TestTargetID = E97C5A662A5F5A9C0016D646;
					};
				};
			};
			buildConfigurationList = E97C5A622A5F5A9C0016D646 /* Build configuration list for PBXProject "calmo" */;
			compatibilityVersion = "Xcode 14.0";
			developmentRegion = en;
			hasScannedForEncodings = 0;
			knownRegions = (
				en,
				Base,
			);
			mainGroup = E97C5A5E2A5F5A9C0016D646;
			productRefGroup = E97C5A682A5F5A9C0016D646 /* Products */;
			projectDirPath = "";
			projectRoot = "";
			targets = (
				E97C5A662A5F5A9C0016D646 /* calmo */,
				E9DBB7202A9211BF00E3A4CD /* calmoUnitTests */,
				E9DBB72D2A92122D00E3A4CD /* calmoUITests */,
			);
		};
/* End PBXProject section */

/* Begin PBXResourcesBuildPhase section */
		E97C5A652A5F5A9C0016D646 /* Resources */ = {
			isa = PBXResourcesBuildPhase;
			buildActionMask = 2147483647;
			files = (
				E95BB3E42A63BAC800CB5700 /* OpenSans-Light.ttf in Resources */,
				E95BB3EC2A63BAC800CB5700 /* OpenSans-SemiBold.ttf in Resources */,
				E95BB4042A63BAC800CB5700 /* OpenSans-SemiBoldItalic.ttf in Resources */,
				E95BB4032A63BAC800CB5700 /* OpenSans-MediumItalic.ttf in Resources */,
				E97C5A722A5F5A9E0016D646 /* Preview Assets.xcassets in Resources */,
				E97C5A6F2A5F5A9E0016D646 /* Assets.xcassets in Resources */,
				E95BB4002A63BAC800CB5700 /* OpenSans-LightItalic.ttf in Resources */,
				E95BB3E82A63BAC800CB5700 /* OpenSans-Italic.ttf in Resources */,
				E95BB3FA2A63BAC800CB5700 /* OpenSans-Regular.ttf in Resources */,
				E95BB3E22A63BAC800CB5700 /* OpenSans-Bold.ttf in Resources */,
				E95BB3F22A63BAC800CB5700 /* OpenSans-BoldItalic.ttf in Resources */,
				E95BB3E72A63BAC800CB5700 /* OpenSans-Medium.ttf in Resources */,
				E95BB3FB2A63BAC800CB5700 /* OpenSans-ExtraBoldItalic.ttf in Resources */,
				E95BB3E32A63BAC800CB5700 /* OpenSans-ExtraBold.ttf in Resources */,
			);
			runOnlyForDeploymentPostprocessing = 0;
		};
		E9DBB71F2A9211BF00E3A4CD /* Resources */ = {
			isa = PBXResourcesBuildPhase;
			buildActionMask = 2147483647;
			files = (
			);
			runOnlyForDeploymentPostprocessing = 0;
		};
		E9DBB72C2A92122D00E3A4CD /* Resources */ = {
			isa = PBXResourcesBuildPhase;
			buildActionMask = 2147483647;
			files = (
			);
			runOnlyForDeploymentPostprocessing = 0;
		};
/* End PBXResourcesBuildPhase section */

/* Begin PBXShellScriptBuildPhase section */
		09A6AC93C6B28C7CDE1A4E27 /* [CP] Embed Pods Frameworks */ = {
			isa = PBXShellScriptBuildPhase;
			buildActionMask = 2147483647;
			files = (
			);
			inputFileListPaths = (
				"${PODS_ROOT}/Target Support Files/Pods-calmo/Pods-calmo-frameworks-${CONFIGURATION}-input-files.xcfilelist",
			);
			name = "[CP] Embed Pods Frameworks";
			outputFileListPaths = (
				"${PODS_ROOT}/Target Support Files/Pods-calmo/Pods-calmo-frameworks-${CONFIGURATION}-output-files.xcfilelist",
			);
			runOnlyForDeploymentPostprocessing = 0;
			shellPath = /bin/sh;
			shellScript = "\"${PODS_ROOT}/Target Support Files/Pods-calmo/Pods-calmo-frameworks.sh\"\n";
			showEnvVarsInLog = 0;
		};
		180CF68A45B4D846D4B6EC54 /* [CP] Check Pods Manifest.lock */ = {
			isa = PBXShellScriptBuildPhase;
			buildActionMask = 2147483647;
			files = (
			);
			inputFileListPaths = (
			);
			inputPaths = (
				"${PODS_PODFILE_DIR_PATH}/Podfile.lock",
				"${PODS_ROOT}/Manifest.lock",
			);
			name = "[CP] Check Pods Manifest.lock";
			outputFileListPaths = (
			);
			outputPaths = (
				"$(DERIVED_FILE_DIR)/Pods-calmoUITests-checkManifestLockResult.txt",
			);
			runOnlyForDeploymentPostprocessing = 0;
			shellPath = /bin/sh;
			shellScript = "diff \"${PODS_PODFILE_DIR_PATH}/Podfile.lock\" \"${PODS_ROOT}/Manifest.lock\" > /dev/null\nif [ $? != 0 ] ; then\n    # print error to STDERR\n    echo \"error: The sandbox is not in sync with the Podfile.lock. Run 'pod install' or update your CocoaPods installation.\" >&2\n    exit 1\nfi\n# This output is used by Xcode 'outputs' to avoid re-running this script phase.\necho \"SUCCESS\" > \"${SCRIPT_OUTPUT_FILE_0}\"\n";
			showEnvVarsInLog = 0;
		};
		64ACE33EA1929732CBD24A1D /* [CP] Check Pods Manifest.lock */ = {
			isa = PBXShellScriptBuildPhase;
			buildActionMask = 2147483647;
			files = (
			);
			inputFileListPaths = (
			);
			inputPaths = (
				"${PODS_PODFILE_DIR_PATH}/Podfile.lock",
				"${PODS_ROOT}/Manifest.lock",
			);
			name = "[CP] Check Pods Manifest.lock";
			outputFileListPaths = (
			);
			outputPaths = (
				"$(DERIVED_FILE_DIR)/Pods-calmoUnitTests-checkManifestLockResult.txt",
			);
			runOnlyForDeploymentPostprocessing = 0;
			shellPath = /bin/sh;
			shellScript = "diff \"${PODS_PODFILE_DIR_PATH}/Podfile.lock\" \"${PODS_ROOT}/Manifest.lock\" > /dev/null\nif [ $? != 0 ] ; then\n    # print error to STDERR\n    echo \"error: The sandbox is not in sync with the Podfile.lock. Run 'pod install' or update your CocoaPods installation.\" >&2\n    exit 1\nfi\n# This output is used by Xcode 'outputs' to avoid re-running this script phase.\necho \"SUCCESS\" > \"${SCRIPT_OUTPUT_FILE_0}\"\n";
			showEnvVarsInLog = 0;
		};
		C4BF82F0B22B80164A9A91F7 /* [CP] Check Pods Manifest.lock */ = {
			isa = PBXShellScriptBuildPhase;
			buildActionMask = 2147483647;
			files = (
			);
			inputFileListPaths = (
			);
			inputPaths = (
				"${PODS_PODFILE_DIR_PATH}/Podfile.lock",
				"${PODS_ROOT}/Manifest.lock",
			);
			name = "[CP] Check Pods Manifest.lock";
			outputFileListPaths = (
			);
			outputPaths = (
				"$(DERIVED_FILE_DIR)/Pods-calmo-checkManifestLockResult.txt",
			);
			runOnlyForDeploymentPostprocessing = 0;
			shellPath = /bin/sh;
			shellScript = "diff \"${PODS_PODFILE_DIR_PATH}/Podfile.lock\" \"${PODS_ROOT}/Manifest.lock\" > /dev/null\nif [ $? != 0 ] ; then\n    # print error to STDERR\n    echo \"error: The sandbox is not in sync with the Podfile.lock. Run 'pod install' or update your CocoaPods installation.\" >&2\n    exit 1\nfi\n# This output is used by Xcode 'outputs' to avoid re-running this script phase.\necho \"SUCCESS\" > \"${SCRIPT_OUTPUT_FILE_0}\"\n";
			showEnvVarsInLog = 0;
		};
/* End PBXShellScriptBuildPhase section */

/* Begin PBXSourcesBuildPhase section */
		E97C5A632A5F5A9C0016D646 /* Sources */ = {
			isa = PBXSourcesBuildPhase;
			buildActionMask = 2147483647;
			files = (
				E95BB4812A73317400CB5700 /* View.swift in Sources */,
				E95BB40E2A644B4700CB5700 /* TextButton.swift in Sources */,
				E95BB41F2A649C5400CB5700 /* SignUpOnboardinHeader.swift in Sources */,
				E97C5A7E2A60387B0016D646 /* SplashScreen.swift in Sources */,
				E95BB4162A64504B00CB5700 /* CustomTextFiled.swift in Sources */,
				E95BB3AB2A61BE3200CB5700 /* SoicalMediaButtons.swift in Sources */,
				E97C5A6D2A5F5A9C0016D646 /* ContentView.swift in Sources */,
				E95BB4222A657A0500CB5700 /* MainHomeScreen.swift in Sources */,
				E95BB3A72A60F0FD00CB5700 /* SignInScreen.swift in Sources */,
				E95BB3B72A636E8000CB5700 /* SignUpCategoryScreen..swift in Sources */,
				E95BB4122A644D1800CB5700 /* String.swift in Sources */,
				E95BB4832A73319800CB5700 /* NavigationManager.swift in Sources */,
				E95BB4142A644F2900CB5700 /* OnboardingHeader.swift in Sources */,
				E95BB41D2A645E0100CB5700 /* CustomForm.swift in Sources */,
				E95BB40A2A64450900CB5700 /* SkipButton.swift in Sources */,
				E97C5A6B2A5F5A9C0016D646 /* calmoApp.swift in Sources */,
				E95BB3B32A6350AD00CB5700 /* SignUpScreen.swift in Sources */,
				E95BB3A92A60FCC900CB5700 /* CustomNavBar.swift in Sources */,
				E97C5A812A603E090016D646 /* AppBody.swift in Sources */,
				E97C5A8B2A6080670016D646 /* OnboardingScreen.swift in Sources */,
				E95BB4102A644BE700CB5700 /* FullHStack.swift in Sources */,
				E95BB40C2A64483800CB5700 /* CustomButton.swift in Sources */,
				E95BB3B92A63727E00CB5700 /* SignUpArtistScreen_.swift in Sources */,
				E95BB3B52A6352CD00CB5700 /* SignUpSocailMediaScreen.swift in Sources */,
				E97C5A842A603EF70016D646 /* AppTheme.swift in Sources */,
				E95BB3B12A630CDE00CB5700 /* RecoverPasswordScreen.swift in Sources */,
				E95BB4192A64521000CB5700 /* AppRegx.swift in Sources */,
				E95BB41B2A645BAC00CB5700 /* CustomToggle.swift in Sources */,
				E97C5A892A6080350016D646 /* UIPilot.swift in Sources */,
				E97C5A872A606F9B0016D646 /* Color.swift in Sources */,
				E95BB3AF2A62F51100CB5700 /* VerifyCodeScreen.swift in Sources */,
				E95BB3BB2A63782F00CB5700 /* AccountCreatedScreen.swift in Sources */,
				E95BB3AD2A61EA1B00CB5700 /* ForgetPasswordScreen.swift in Sources */,
			);
			runOnlyForDeploymentPostprocessing = 0;
		};
		E9DBB71D2A9211BF00E3A4CD /* Sources */ = {
			isa = PBXSourcesBuildPhase;
			buildActionMask = 2147483647;
			files = (
				E9DBB7242A9211BF00E3A4CD /* calmoUnitTests.swift in Sources */,
			);
			runOnlyForDeploymentPostprocessing = 0;
		};
		E9DBB72A2A92122D00E3A4CD /* Sources */ = {
			isa = PBXSourcesBuildPhase;
			buildActionMask = 2147483647;
			files = (
				E9DBB7312A92122D00E3A4CD /* calmoUITests.swift in Sources */,
				E9DBB7332A92122D00E3A4CD /* calmoUITestsLaunchTests.swift in Sources */,
			);
			runOnlyForDeploymentPostprocessing = 0;
		};
/* End PBXSourcesBuildPhase section */

/* Begin PBXTargetDependency section */
		E9DBB7262A9211BF00E3A4CD /* PBXTargetDependency */ = {
			isa = PBXTargetDependency;
			target = E97C5A662A5F5A9C0016D646 /* calmo */;
			targetProxy = E9DBB7252A9211BF00E3A4CD /* PBXContainerItemProxy */;
		};
		E9DBB7352A92122D00E3A4CD /* PBXTargetDependency */ = {
			isa = PBXTargetDependency;
			target = E97C5A662A5F5A9C0016D646 /* calmo */;
			targetProxy = E9DBB7342A92122D00E3A4CD /* PBXContainerItemProxy */;
		};
/* End PBXTargetDependency section */

/* Begin XCBuildConfiguration section */
		E97C5A732A5F5A9E0016D646 /* Debug */ = {
			isa = XCBuildConfiguration;
			buildSettings = {
				ALWAYS_SEARCH_USER_PATHS = NO;
				CLANG_ANALYZER_NONNULL = YES;
				CLANG_ANALYZER_NUMBER_OBJECT_CONVERSION = YES_AGGRESSIVE;
				CLANG_CXX_LANGUAGE_STANDARD = "gnu++20";
				CLANG_ENABLE_MODULES = YES;
				CLANG_ENABLE_OBJC_ARC = YES;
				CLANG_ENABLE_OBJC_WEAK = YES;
				CLANG_WARN_BLOCK_CAPTURE_AUTORELEASING = YES;
				CLANG_WARN_BOOL_CONVERSION = YES;
				CLANG_WARN_COMMA = YES;
				CLANG_WARN_CONSTANT_CONVERSION = YES;
				CLANG_WARN_DEPRECATED_OBJC_IMPLEMENTATIONS = YES;
				CLANG_WARN_DIRECT_OBJC_ISA_USAGE = YES_ERROR;
				CLANG_WARN_DOCUMENTATION_COMMENTS = YES;
				CLANG_WARN_EMPTY_BODY = YES;
				CLANG_WARN_ENUM_CONVERSION = YES;
				CLANG_WARN_INFINITE_RECURSION = YES;
				CLANG_WARN_INT_CONVERSION = YES;
				CLANG_WARN_NON_LITERAL_NULL_CONVERSION = YES;
				CLANG_WARN_OBJC_IMPLICIT_RETAIN_SELF = YES;
				CLANG_WARN_OBJC_LITERAL_CONVERSION = YES;
				CLANG_WARN_OBJC_ROOT_CLASS = YES_ERROR;
				CLANG_WARN_QUOTED_INCLUDE_IN_FRAMEWORK_HEADER = YES;
				CLANG_WARN_RANGE_LOOP_ANALYSIS = YES;
				CLANG_WARN_STRICT_PROTOTYPES = YES;
				CLANG_WARN_SUSPICIOUS_MOVE = YES;
				CLANG_WARN_UNGUARDED_AVAILABILITY = YES_AGGRESSIVE;
				CLANG_WARN_UNREACHABLE_CODE = YES;
				CLANG_WARN__DUPLICATE_METHOD_MATCH = YES;
				COPY_PHASE_STRIP = NO;
				DEBUG_INFORMATION_FORMAT = dwarf;
				ENABLE_STRICT_OBJC_MSGSEND = YES;
				ENABLE_TESTABILITY = YES;
				GCC_C_LANGUAGE_STANDARD = gnu11;
				GCC_DYNAMIC_NO_PIC = NO;
				GCC_NO_COMMON_BLOCKS = YES;
				GCC_OPTIMIZATION_LEVEL = 0;
				GCC_PREPROCESSOR_DEFINITIONS = (
					"DEBUG=1",
					"$(inherited)",
				);
				GCC_WARN_64_TO_32_BIT_CONVERSION = YES;
				GCC_WARN_ABOUT_RETURN_TYPE = YES_ERROR;
				GCC_WARN_UNDECLARED_SELECTOR = YES;
				GCC_WARN_UNINITIALIZED_AUTOS = YES_AGGRESSIVE;
				GCC_WARN_UNUSED_FUNCTION = YES;
				GCC_WARN_UNUSED_VARIABLE = YES;
				IPHONEOS_DEPLOYMENT_TARGET = 16.4;
				MTL_ENABLE_DEBUG_INFO = INCLUDE_SOURCE;
				MTL_FAST_MATH = YES;
				ONLY_ACTIVE_ARCH = YES;
				SDKROOT = iphoneos;
				SWIFT_ACTIVE_COMPILATION_CONDITIONS = DEBUG;
				SWIFT_OPTIMIZATION_LEVEL = "-Onone";
			};
			name = Debug;
		};
		E97C5A742A5F5A9E0016D646 /* Release */ = {
			isa = XCBuildConfiguration;
			buildSettings = {
				ALWAYS_SEARCH_USER_PATHS = NO;
				CLANG_ANALYZER_NONNULL = YES;
				CLANG_ANALYZER_NUMBER_OBJECT_CONVERSION = YES_AGGRESSIVE;
				CLANG_CXX_LANGUAGE_STANDARD = "gnu++20";
				CLANG_ENABLE_MODULES = YES;
				CLANG_ENABLE_OBJC_ARC = YES;
				CLANG_ENABLE_OBJC_WEAK = YES;
				CLANG_WARN_BLOCK_CAPTURE_AUTORELEASING = YES;
				CLANG_WARN_BOOL_CONVERSION = YES;
				CLANG_WARN_COMMA = YES;
				CLANG_WARN_CONSTANT_CONVERSION = YES;
				CLANG_WARN_DEPRECATED_OBJC_IMPLEMENTATIONS = YES;
				CLANG_WARN_DIRECT_OBJC_ISA_USAGE = YES_ERROR;
				CLANG_WARN_DOCUMENTATION_COMMENTS = YES;
				CLANG_WARN_EMPTY_BODY = YES;
				CLANG_WARN_ENUM_CONVERSION = YES;
				CLANG_WARN_INFINITE_RECURSION = YES;
				CLANG_WARN_INT_CONVERSION = YES;
				CLANG_WARN_NON_LITERAL_NULL_CONVERSION = YES;
				CLANG_WARN_OBJC_IMPLICIT_RETAIN_SELF = YES;
				CLANG_WARN_OBJC_LITERAL_CONVERSION = YES;
				CLANG_WARN_OBJC_ROOT_CLASS = YES_ERROR;
				CLANG_WARN_QUOTED_INCLUDE_IN_FRAMEWORK_HEADER = YES;
				CLANG_WARN_RANGE_LOOP_ANALYSIS = YES;
				CLANG_WARN_STRICT_PROTOTYPES = YES;
				CLANG_WARN_SUSPICIOUS_MOVE = YES;
				CLANG_WARN_UNGUARDED_AVAILABILITY = YES_AGGRESSIVE;
				CLANG_WARN_UNREACHABLE_CODE = YES;
				CLANG_WARN__DUPLICATE_METHOD_MATCH = YES;
				COPY_PHASE_STRIP = NO;
				DEBUG_INFORMATION_FORMAT = "dwarf-with-dsym";
				ENABLE_NS_ASSERTIONS = NO;
				ENABLE_STRICT_OBJC_MSGSEND = YES;
				GCC_C_LANGUAGE_STANDARD = gnu11;
				GCC_NO_COMMON_BLOCKS = YES;
				GCC_WARN_64_TO_32_BIT_CONVERSION = YES;
				GCC_WARN_ABOUT_RETURN_TYPE = YES_ERROR;
				GCC_WARN_UNDECLARED_SELECTOR = YES;
				GCC_WARN_UNINITIALIZED_AUTOS = YES_AGGRESSIVE;
				GCC_WARN_UNUSED_FUNCTION = YES;
				GCC_WARN_UNUSED_VARIABLE = YES;
				IPHONEOS_DEPLOYMENT_TARGET = 16.4;
				MTL_ENABLE_DEBUG_INFO = NO;
				MTL_FAST_MATH = YES;
				SDKROOT = iphoneos;
				SWIFT_COMPILATION_MODE = wholemodule;
				SWIFT_OPTIMIZATION_LEVEL = "-O";
				VALIDATE_PRODUCT = YES;
			};
			name = Release;
		};
		E97C5A762A5F5A9E0016D646 /* Debug */ = {
			isa = XCBuildConfiguration;
			baseConfigurationReference = 55D269E4DA8E5C3792416AC6 /* Pods-calmo.debug.xcconfig */;
			buildSettings = {
				ASSETCATALOG_COMPILER_APPICON_NAME = AppIcon;
				ASSETCATALOG_COMPILER_GLOBAL_ACCENT_COLOR_NAME = AccentColor;
				CODE_SIGN_STYLE = Automatic;
				CURRENT_PROJECT_VERSION = 2;
				DEVELOPMENT_ASSET_PATHS = "\"calmo/Preview Content\"";
				DEVELOPMENT_TEAM = NDWGY9K2GB;
				ENABLE_PREVIEWS = YES;
				GENERATE_INFOPLIST_FILE = YES;
				INFOPLIST_FILE = calmo/Info.plist;
				INFOPLIST_KEY_UIApplicationSceneManifest_Generation = YES;
				INFOPLIST_KEY_UIApplicationSupportsIndirectInputEvents = YES;
				INFOPLIST_KEY_UILaunchScreen_Generation = YES;
				INFOPLIST_KEY_UISupportedInterfaceOrientations_iPad = "UIInterfaceOrientationPortrait UIInterfaceOrientationPortraitUpsideDown UIInterfaceOrientationLandscapeLeft UIInterfaceOrientationLandscapeRight";
				INFOPLIST_KEY_UISupportedInterfaceOrientations_iPhone = "UIInterfaceOrientationPortrait UIInterfaceOrientationLandscapeLeft UIInterfaceOrientationLandscapeRight";
				LD_RUNPATH_SEARCH_PATHS = (
					"$(inherited)",
					"@executable_path/Frameworks",
				);
				MARKETING_VERSION = 1.0;
				PRODUCT_BUNDLE_IDENTIFIER = deadsec.calmo;
				PRODUCT_NAME = "$(TARGET_NAME)";
				SWIFT_EMIT_LOC_STRINGS = YES;
				SWIFT_VERSION = 5.0;
				TARGETED_DEVICE_FAMILY = "1,2";
			};
			name = Debug;
		};
		E97C5A772A5F5A9E0016D646 /* Release */ = {
			isa = XCBuildConfiguration;
			baseConfigurationReference = 9D1AB5A4B96E80C6B28E97EB /* Pods-calmo.release.xcconfig */;
			buildSettings = {
				ASSETCATALOG_COMPILER_APPICON_NAME = AppIcon;
				ASSETCATALOG_COMPILER_GLOBAL_ACCENT_COLOR_NAME = AccentColor;
				CODE_SIGN_STYLE = Automatic;
				CURRENT_PROJECT_VERSION = 2;
				DEVELOPMENT_ASSET_PATHS = "\"calmo/Preview Content\"";
				DEVELOPMENT_TEAM = NDWGY9K2GB;
				ENABLE_PREVIEWS = YES;
				GENERATE_INFOPLIST_FILE = YES;
				INFOPLIST_FILE = calmo/Info.plist;
				INFOPLIST_KEY_UIApplicationSceneManifest_Generation = YES;
				INFOPLIST_KEY_UIApplicationSupportsIndirectInputEvents = YES;
				INFOPLIST_KEY_UILaunchScreen_Generation = YES;
				INFOPLIST_KEY_UISupportedInterfaceOrientations_iPad = "UIInterfaceOrientationPortrait UIInterfaceOrientationPortraitUpsideDown UIInterfaceOrientationLandscapeLeft UIInterfaceOrientationLandscapeRight";
				INFOPLIST_KEY_UISupportedInterfaceOrientations_iPhone = "UIInterfaceOrientationPortrait UIInterfaceOrientationLandscapeLeft UIInterfaceOrientationLandscapeRight";
				LD_RUNPATH_SEARCH_PATHS = (
					"$(inherited)",
					"@executable_path/Frameworks",
				);
				MARKETING_VERSION = 1.0;
				PRODUCT_BUNDLE_IDENTIFIER = deadsec.calmo;
				PRODUCT_NAME = "$(TARGET_NAME)";
				SWIFT_EMIT_LOC_STRINGS = YES;
				SWIFT_VERSION = 5.0;
				TARGETED_DEVICE_FAMILY = "1,2";
			};
			name = Release;
		};
		E9DBB7282A9211BF00E3A4CD /* Debug */ = {
			isa = XCBuildConfiguration;
			baseConfigurationReference = 382648240FCC4648FF4D9F97 /* Pods-calmoUnitTests.debug.xcconfig */;
			buildSettings = {
				BUNDLE_LOADER = "$(TEST_HOST)";
				CODE_SIGN_STYLE = Automatic;
				CURRENT_PROJECT_VERSION = 1;
				DEVELOPMENT_TEAM = NDWGY9K2GB;
				GENERATE_INFOPLIST_FILE = YES;
				IPHONEOS_DEPLOYMENT_TARGET = 16.0;
				MARKETING_VERSION = 1.0;
				PRODUCT_BUNDLE_IDENTIFIER = deadsec.calmoUnitTests;
				PRODUCT_NAME = "$(TARGET_NAME)";
				SWIFT_EMIT_LOC_STRINGS = NO;
				SWIFT_VERSION = 5.0;
				TARGETED_DEVICE_FAMILY = "1,2";
				TEST_HOST = "$(BUILT_PRODUCTS_DIR)/calmo.app/$(BUNDLE_EXECUTABLE_FOLDER_PATH)/calmo";
			};
			name = Debug;
		};
		E9DBB7292A9211BF00E3A4CD /* Release */ = {
			isa = XCBuildConfiguration;
			baseConfigurationReference = 15FA9798EBA81FBB170E9E4A /* Pods-calmoUnitTests.release.xcconfig */;
			buildSettings = {
				BUNDLE_LOADER = "$(TEST_HOST)";
				CODE_SIGN_STYLE = Automatic;
				CURRENT_PROJECT_VERSION = 1;
				DEVELOPMENT_TEAM = NDWGY9K2GB;
				GENERATE_INFOPLIST_FILE = YES;
				IPHONEOS_DEPLOYMENT_TARGET = 16.0;
				MARKETING_VERSION = 1.0;
				PRODUCT_BUNDLE_IDENTIFIER = deadsec.calmoUnitTests;
				PRODUCT_NAME = "$(TARGET_NAME)";
				SWIFT_EMIT_LOC_STRINGS = NO;
				SWIFT_VERSION = 5.0;
				TARGETED_DEVICE_FAMILY = "1,2";
				TEST_HOST = "$(BUILT_PRODUCTS_DIR)/calmo.app/$(BUNDLE_EXECUTABLE_FOLDER_PATH)/calmo";
			};
			name = Release;
		};
		E9DBB7372A92122D00E3A4CD /* Debug */ = {
			isa = XCBuildConfiguration;
			baseConfigurationReference = F0F272E4A49D4BAF435F90D8 /* Pods-calmoUITests.debug.xcconfig */;
			buildSettings = {
				CODE_SIGN_STYLE = Automatic;
				CURRENT_PROJECT_VERSION = 1;
				DEVELOPMENT_TEAM = NDWGY9K2GB;
				GENERATE_INFOPLIST_FILE = YES;
				IPHONEOS_DEPLOYMENT_TARGET = 16.0;
				MARKETING_VERSION = 1.0;
				PRODUCT_BUNDLE_IDENTIFIER = deadsec.calmoUITests;
				PRODUCT_NAME = "$(TARGET_NAME)";
				SWIFT_EMIT_LOC_STRINGS = NO;
				SWIFT_VERSION = 5.0;
				TARGETED_DEVICE_FAMILY = "1,2";
				TEST_TARGET_NAME = calmo;
			};
			name = Debug;
		};
		E9DBB7382A92122D00E3A4CD /* Release */ = {
			isa = XCBuildConfiguration;
			baseConfigurationReference = 2750BB6F0423B61D9C54AFD0 /* Pods-calmoUITests.release.xcconfig */;
			buildSettings = {
				CODE_SIGN_STYLE = Automatic;
				CURRENT_PROJECT_VERSION = 1;
				DEVELOPMENT_TEAM = NDWGY9K2GB;
				GENERATE_INFOPLIST_FILE = YES;
				IPHONEOS_DEPLOYMENT_TARGET = 16.0;
				MARKETING_VERSION = 1.0;
				PRODUCT_BUNDLE_IDENTIFIER = deadsec.calmoUITests;
				PRODUCT_NAME = "$(TARGET_NAME)";
				SWIFT_EMIT_LOC_STRINGS = NO;
				SWIFT_VERSION = 5.0;
				TARGETED_DEVICE_FAMILY = "1,2";
				TEST_TARGET_NAME = calmo;
			};
			name = Release;
		};
/* End XCBuildConfiguration section */

/* Begin XCConfigurationList section */
		E97C5A622A5F5A9C0016D646 /* Build configuration list for PBXProject "calmo" */ = {
			isa = XCConfigurationList;
			buildConfigurations = (
				E97C5A732A5F5A9E0016D646 /* Debug */,
				E97C5A742A5F5A9E0016D646 /* Release */,
			);
			defaultConfigurationIsVisible = 0;
			defaultConfigurationName = Release;
		};
		E97C5A752A5F5A9E0016D646 /* Build configuration list for PBXNativeTarget "calmo" */ = {
			isa = XCConfigurationList;
			buildConfigurations = (
				E97C5A762A5F5A9E0016D646 /* Debug */,
				E97C5A772A5F5A9E0016D646 /* Release */,
			);
			defaultConfigurationIsVisible = 0;
			defaultConfigurationName = Release;
		};
		E9DBB7272A9211BF00E3A4CD /* Build configuration list for PBXNativeTarget "calmoUnitTests" */ = {
			isa = XCConfigurationList;
			buildConfigurations = (
				E9DBB7282A9211BF00E3A4CD /* Debug */,
				E9DBB7292A9211BF00E3A4CD /* Release */,
			);
			defaultConfigurationIsVisible = 0;
			defaultConfigurationName = Release;
		};
		E9DBB7362A92122D00E3A4CD /* Build configuration list for PBXNativeTarget "calmoUITests" */ = {
			isa = XCConfigurationList;
			buildConfigurations = (
				E9DBB7372A92122D00E3A4CD /* Debug */,
				E9DBB7382A92122D00E3A4CD /* Release */,
			);
			defaultConfigurationIsVisible = 0;
			defaultConfigurationName = Release;
		};
/* End XCConfigurationList section */
	};
	rootObject = E97C5A5F2A5F5A9C0016D646 /* Project object */;
}
